// !$*UTF8*$!
{
	archiveVersion = 1;
	classes = {
	};
	objectVersion = 50;
	objects = {

/* Begin PBXBuildFile section */
		04E7D01A2079129400F615EA /* Purchase.swift in Sources */ = {isa = PBXBuildFile; fileRef = 04E7D0192079129400F615EA /* Purchase.swift */; };
		04E7D01D207912B500F615EA /* PurchaseType.swift in Sources */ = {isa = PBXBuildFile; fileRef = 04E7D01C207912B500F615EA /* PurchaseType.swift */; };
		04E7D01F207913E000F615EA /* ErrorsEnum.swift in Sources */ = {isa = PBXBuildFile; fileRef = 04E7D01E207913E000F615EA /* ErrorsEnum.swift */; };
		04E7D02120791C9C00F615EA /* Costumer.swift in Sources */ = {isa = PBXBuildFile; fileRef = 04E7D02020791C9C00F615EA /* Costumer.swift */; };
		04E7D02320791D5100F615EA /* Purchaseble.swift in Sources */ = {isa = PBXBuildFile; fileRef = 04E7D02220791D5100F615EA /* Purchaseble.swift */; };
		04E7D02520791EBB00F615EA /* Sell.swift in Sources */ = {isa = PBXBuildFile; fileRef = 04E7D02420791EBB00F615EA /* Sell.swift */; };
		04E7D0292079261D00F615EA /* JSONFields.swift in Sources */ = {isa = PBXBuildFile; fileRef = 04E7D0282079261D00F615EA /* JSONFields.swift */; };
		04E7D02B2079271500F615EA /* Product.swift in Sources */ = {isa = PBXBuildFile; fileRef = 04E7D02A2079271500F615EA /* Product.swift */; };
		04EF22BA2079123E00153700 /* AppDelegate.swift in Sources */ = {isa = PBXBuildFile; fileRef = 04EF22B92079123E00153700 /* AppDelegate.swift */; };
		04EF22BC2079123E00153700 /* ViewController.swift in Sources */ = {isa = PBXBuildFile; fileRef = 04EF22BB2079123E00153700 /* ViewController.swift */; };
		04EF22BF2079123E00153700 /* Main.storyboard in Resources */ = {isa = PBXBuildFile; fileRef = 04EF22BD2079123E00153700 /* Main.storyboard */; };
		04EF22C12079124000153700 /* Assets.xcassets in Resources */ = {isa = PBXBuildFile; fileRef = 04EF22C02079124000153700 /* Assets.xcassets */; };
		04EF22C42079124000153700 /* LaunchScreen.storyboard in Resources */ = {isa = PBXBuildFile; fileRef = 04EF22C22079124000153700 /* LaunchScreen.storyboard */; };
		04EF22CF2079124000153700 /* SwitftBasicsOneTests.swift in Sources */ = {isa = PBXBuildFile; fileRef = 04EF22CE2079124000153700 /* SwitftBasicsOneTests.swift */; };
/* End PBXBuildFile section */

/* Begin PBXContainerItemProxy section */
		04EF22CB2079124000153700 /* PBXContainerItemProxy */ = {
			isa = PBXContainerItemProxy;
			containerPortal = 04EF22AE2079123E00153700 /* Project object */;
			proxyType = 1;
			remoteGlobalIDString = 04EF22B52079123E00153700;
			remoteInfo = SwitftBasicsOne;
		};
/* End PBXContainerItemProxy section */

/* Begin PBXFileReference section */
		04E7D0192079129400F615EA /* Purchase.swift */ = {isa = PBXFileReference; lastKnownFileType = sourcecode.swift; path = Purchase.swift; sourceTree = "<group>"; };
		04E7D01C207912B500F615EA /* PurchaseType.swift */ = {isa = PBXFileReference; lastKnownFileType = sourcecode.swift; path = PurchaseType.swift; sourceTree = "<group>"; };
		04E7D01E207913E000F615EA /* ErrorsEnum.swift */ = {isa = PBXFileReference; lastKnownFileType = sourcecode.swift; path = ErrorsEnum.swift; sourceTree = "<group>"; };
		04E7D02020791C9C00F615EA /* Costumer.swift */ = {isa = PBXFileReference; lastKnownFileType = sourcecode.swift; path = Costumer.swift; sourceTree = "<group>"; };
		04E7D02220791D5100F615EA /* Purchaseble.swift */ = {isa = PBXFileReference; lastKnownFileType = sourcecode.swift; path = Purchaseble.swift; sourceTree = "<group>"; };
		04E7D02420791EBB00F615EA /* Sell.swift */ = {isa = PBXFileReference; lastKnownFileType = sourcecode.swift; path = Sell.swift; sourceTree = "<group>"; };
		04E7D0282079261D00F615EA /* JSONFields.swift */ = {isa = PBXFileReference; lastKnownFileType = sourcecode.swift; path = JSONFields.swift; sourceTree = "<group>"; };
		04E7D02A2079271500F615EA /* Product.swift */ = {isa = PBXFileReference; lastKnownFileType = sourcecode.swift; path = Product.swift; sourceTree = "<group>"; };
		04EF22B62079123E00153700 /* SwitftBasicsOne.app */ = {isa = PBXFileReference; explicitFileType = wrapper.application; includeInIndex = 0; path = SwitftBasicsOne.app; sourceTree = BUILT_PRODUCTS_DIR; };
		04EF22B92079123E00153700 /* AppDelegate.swift */ = {isa = PBXFileReference; lastKnownFileType = sourcecode.swift; path = AppDelegate.swift; sourceTree = "<group>"; };
		04EF22BB2079123E00153700 /* ViewController.swift */ = {isa = PBXFileReference; lastKnownFileType = sourcecode.swift; path = ViewController.swift; sourceTree = "<group>"; };
		04EF22BE2079123E00153700 /* Base */ = {isa = PBXFileReference; lastKnownFileType = file.storyboard; name = Base; path = Base.lproj/Main.storyboard; sourceTree = "<group>"; };
		04EF22C02079124000153700 /* Assets.xcassets */ = {isa = PBXFileReference; lastKnownFileType = folder.assetcatalog; path = Assets.xcassets; sourceTree = "<group>"; };
		04EF22C32079124000153700 /* Base */ = {isa = PBXFileReference; lastKnownFileType = file.storyboard; name = Base; path = Base.lproj/LaunchScreen.storyboard; sourceTree = "<group>"; };
		04EF22C52079124000153700 /* Info.plist */ = {isa = PBXFileReference; lastKnownFileType = text.plist.xml; path = Info.plist; sourceTree = "<group>"; };
		04EF22CA2079124000153700 /* SwitftBasicsOneTests.xctest */ = {isa = PBXFileReference; explicitFileType = wrapper.cfbundle; includeInIndex = 0; path = SwitftBasicsOneTests.xctest; sourceTree = BUILT_PRODUCTS_DIR; };
		04EF22CE2079124000153700 /* SwitftBasicsOneTests.swift */ = {isa = PBXFileReference; lastKnownFileType = sourcecode.swift; path = SwitftBasicsOneTests.swift; sourceTree = "<group>"; };
		04EF22D02079124000153700 /* Info.plist */ = {isa = PBXFileReference; lastKnownFileType = text.plist.xml; path = Info.plist; sourceTree = "<group>"; };
/* End PBXFileReference section */

/* Begin PBXFrameworksBuildPhase section */
		04EF22B32079123E00153700 /* Frameworks */ = {
			isa = PBXFrameworksBuildPhase;
			buildActionMask = 2147483647;
			files = (
			);
			runOnlyForDeploymentPostprocessing = 0;
		};
		04EF22C72079124000153700 /* Frameworks */ = {
			isa = PBXFrameworksBuildPhase;
			buildActionMask = 2147483647;
			files = (
			);
			runOnlyForDeploymentPostprocessing = 0;
		};
/* End PBXFrameworksBuildPhase section */

/* Begin PBXGroup section */
		04E7D0182079126600F615EA /* Models */ = {
			isa = PBXGroup;
			children = (
				04E7D0272079261000F615EA /* Common */,
				04E7D0262079206200F615EA /* Purchasebles */,
				04E7D02020791C9C00F615EA /* Costumer.swift */,
				04E7D02A2079271500F615EA /* Product.swift */,
			);
			path = Models;
			sourceTree = "<group>";
		};
		04E7D01B207912A600F615EA /* Enums */ = {
			isa = PBXGroup;
			children = (
				04E7D01C207912B500F615EA /* PurchaseType.swift */,
				04E7D01E207913E000F615EA /* ErrorsEnum.swift */,
			);
			path = Enums;
			sourceTree = "<group>";
		};
		04E7D0262079206200F615EA /* Purchasebles */ = {
			isa = PBXGroup;
			children = (
				04E7D02220791D5100F615EA /* Purchaseble.swift */,
				04E7D0192079129400F615EA /* Purchase.swift */,
				04E7D02420791EBB00F615EA /* Sell.swift */,
			);
			path = Purchasebles;
			sourceTree = "<group>";
		};
		04E7D0272079261000F615EA /* Common */ = {
			isa = PBXGroup;
			children = (
				04E7D0282079261D00F615EA /* JSONFields.swift */,
			);
			path = Common;
			sourceTree = "<group>";
		};
		04EF22AD2079123E00153700 = {
			isa = PBXGroup;
			children = (
				04EF22B82079123E00153700 /* SwitftBasicsOne */,
				04EF22CD2079124000153700 /* SwitftBasicsOneTests */,
				04EF22B72079123E00153700 /* Products */,
			);
			sourceTree = "<group>";
		};
		04EF22B72079123E00153700 /* Products */ = {
			isa = PBXGroup;
			children = (
				04EF22B62079123E00153700 /* SwitftBasicsOne.app */,
				04EF22CA2079124000153700 /* SwitftBasicsOneTests.xctest */,
			);
			name = Products;
			sourceTree = "<group>";
		};
		04EF22B82079123E00153700 /* SwitftBasicsOne */ = {
			isa = PBXGroup;
			children = (
				04E7D01B207912A600F615EA /* Enums */,
				04E7D0182079126600F615EA /* Models */,
				04EF22B92079123E00153700 /* AppDelegate.swift */,
				04EF22BB2079123E00153700 /* ViewController.swift */,
				04EF22BD2079123E00153700 /* Main.storyboard */,
				04EF22C02079124000153700 /* Assets.xcassets */,
				04EF22C22079124000153700 /* LaunchScreen.storyboard */,
				04EF22C52079124000153700 /* Info.plist */,
			);
			path = SwitftBasicsOne;
			sourceTree = "<group>";
		};
		04EF22CD2079124000153700 /* SwitftBasicsOneTests */ = {
			isa = PBXGroup;
			children = (
				04EF22CE2079124000153700 /* SwitftBasicsOneTests.swift */,
				04EF22D02079124000153700 /* Info.plist */,
			);
			path = SwitftBasicsOneTests;
			sourceTree = "<group>";
		};
/* End PBXGroup section */

/* Begin PBXNativeTarget section */
		04EF22B52079123E00153700 /* SwitftBasicsOne */ = {
			isa = PBXNativeTarget;
			buildConfigurationList = 04EF22D32079124000153700 /* Build configuration list for PBXNativeTarget "SwitftBasicsOne" */;
			buildPhases = (
				04EF22B22079123E00153700 /* Sources */,
				04EF22B32079123E00153700 /* Frameworks */,
				04EF22B42079123E00153700 /* Resources */,
			);
			buildRules = (
			);
			dependencies = (
			);
			name = SwitftBasicsOne;
			productName = SwitftBasicsOne;
			productReference = 04EF22B62079123E00153700 /* SwitftBasicsOne.app */;
			productType = "com.apple.product-type.application";
		};
		04EF22C92079124000153700 /* SwitftBasicsOneTests */ = {
			isa = PBXNativeTarget;
			buildConfigurationList = 04EF22D62079124000153700 /* Build configuration list for PBXNativeTarget "SwitftBasicsOneTests" */;
			buildPhases = (
				04EF22C62079124000153700 /* Sources */,
				04EF22C72079124000153700 /* Frameworks */,
				04EF22C82079124000153700 /* Resources */,
			);
			buildRules = (
			);
			dependencies = (
				04EF22CC2079124000153700 /* PBXTargetDependency */,
			);
			name = SwitftBasicsOneTests;
			productName = SwitftBasicsOneTests;
			productReference = 04EF22CA2079124000153700 /* SwitftBasicsOneTests.xctest */;
			productType = "com.apple.product-type.bundle.unit-test";
		};
/* End PBXNativeTarget section */

/* Begin PBXProject section */
		04EF22AE2079123E00153700 /* Project object */ = {
			isa = PBXProject;
			attributes = {
				LastSwiftUpdateCheck = 0930;
				LastUpgradeCheck = 0930;
				ORGANIZATIONNAME = Gabe;
				TargetAttributes = {
					04EF22B52079123E00153700 = {
						CreatedOnToolsVersion = 9.3;
					};
					04EF22C92079124000153700 = {
						CreatedOnToolsVersion = 9.3;
						TestTargetID = 04EF22B52079123E00153700;
					};
				};
			};
			buildConfigurationList = 04EF22B12079123E00153700 /* Build configuration list for PBXProject "SwitftBasicsOne" */;
			compatibilityVersion = "Xcode 9.3";
			developmentRegion = en;
			hasScannedForEncodings = 0;
			knownRegions = (
				en,
				Base,
			);
			mainGroup = 04EF22AD2079123E00153700;
			productRefGroup = 04EF22B72079123E00153700 /* Products */;
			projectDirPath = "";
			projectRoot = "";
			targets = (
				04EF22B52079123E00153700 /* SwitftBasicsOne */,
				04EF22C92079124000153700 /* SwitftBasicsOneTests */,
			);
		};
/* End PBXProject section */

/* Begin PBXResourcesBuildPhase section */
		04EF22B42079123E00153700 /* Resources */ = {
			isa = PBXResourcesBuildPhase;
			buildActionMask = 2147483647;
			files = (
				04EF22C42079124000153700 /* LaunchScreen.storyboard in Resources */,
				04EF22C12079124000153700 /* Assets.xcassets in Resources */,
				04EF22BF2079123E00153700 /* Main.storyboard in Resources */,
			);
			runOnlyForDeploymentPostprocessing = 0;
		};
		04EF22C82079124000153700 /* Resources */ = {
			isa = PBXResourcesBuildPhase;
			buildActionMask = 2147483647;
			files = (
			);
			runOnlyForDeploymentPostprocessing = 0;
		};
/* End PBXResourcesBuildPhase section */

/* Begin PBXSourcesBuildPhase section */
		04EF22B22079123E00153700 /* Sources */ = {
			isa = PBXSourcesBuildPhase;
			buildActionMask = 2147483647;
			files = (
				04EF22BC2079123E00153700 /* ViewController.swift in Sources */,
				04E7D01F207913E000F615EA /* ErrorsEnum.swift in Sources */,
				04E7D02120791C9C00F615EA /* Costumer.swift in Sources */,
				04EF22BA2079123E00153700 /* AppDelegate.swift in Sources */,
				04E7D0292079261D00F615EA /* JSONFields.swift in Sources */,
				04E7D02320791D5100F615EA /* Purchaseble.swift in Sources */,
				04E7D02520791EBB00F615EA /* Sell.swift in Sources */,
				04E7D02B2079271500F615EA /* Product.swift in Sources */,
				04E7D01D207912B500F615EA /* PurchaseType.swift in Sources */,
				04E7D01A2079129400F615EA /* Purchase.swift in Sources */,
			);
			runOnlyForDeploymentPostprocessing = 0;
		};
		04EF22C62079124000153700 /* Sources */ = {
			isa = PBXSourcesBuildPhase;
			buildActionMask = 2147483647;
			files = (
				04EF22CF2079124000153700 /* SwitftBasicsOneTests.swift in Sources */,
			);
			runOnlyForDeploymentPostprocessing = 0;
		};
/* End PBXSourcesBuildPhase section */

/* Begin PBXTargetDependency section */
		04EF22CC2079124000153700 /* PBXTargetDependency */ = {
			isa = PBXTargetDependency;
			target = 04EF22B52079123E00153700 /* SwitftBasicsOne */;
			targetProxy = 04EF22CB2079124000153700 /* PBXContainerItemProxy */;
		};
/* End PBXTargetDependency section */

/* Begin PBXVariantGroup section */
		04EF22BD2079123E00153700 /* Main.storyboard */ = {
			isa = PBXVariantGroup;
			children = (
				04EF22BE2079123E00153700 /* Base */,
			);
			name = Main.storyboard;
			sourceTree = "<group>";
		};
		04EF22C22079124000153700 /* LaunchScreen.storyboard */ = {
			isa = PBXVariantGroup;
			children = (
				04EF22C32079124000153700 /* Base */,
			);
			name = LaunchScreen.storyboard;
			sourceTree = "<group>";
		};
/* End PBXVariantGroup section */

/* Begin XCBuildConfiguration section */
		04EF22D12079124000153700 /* Debug */ = {
			isa = XCBuildConfiguration;
			buildSettings = {
				ALWAYS_SEARCH_USER_PATHS = NO;
				CLANG_ANALYZER_NONNULL = YES;
				CLANG_ANALYZER_NUMBER_OBJECT_CONVERSION = YES_AGGRESSIVE;
				CLANG_CXX_LANGUAGE_STANDARD = "gnu++14";
				CLANG_CXX_LIBRARY = "libc++";
				CLANG_ENABLE_MODULES = YES;
				CLANG_ENABLE_OBJC_ARC = YES;
				CLANG_ENABLE_OBJC_WEAK = YES;
				CLANG_WARN_BLOCK_CAPTURE_AUTORELEASING = YES;
				CLANG_WARN_BOOL_CONVERSION = YES;
				CLANG_WARN_COMMA = YES;
				CLANG_WARN_CONSTANT_CONVERSION = YES;
				CLANG_WARN_DEPRECATED_OBJC_IMPLEMENTATIONS = YES;
				CLANG_WARN_DIRECT_OBJC_ISA_USAGE = YES_ERROR;
				CLANG_WARN_DOCUMENTATION_COMMENTS = YES;
				CLANG_WARN_EMPTY_BODY = YES;
				CLANG_WARN_ENUM_CONVERSION = YES;
				CLANG_WARN_INFINITE_RECURSION = YES;
				CLANG_WARN_INT_CONVERSION = YES;
				CLANG_WARN_NON_LITERAL_NULL_CONVERSION = YES;
				CLANG_WARN_OBJC_IMPLICIT_RETAIN_SELF = YES;
				CLANG_WARN_OBJC_LITERAL_CONVERSION = YES;
				CLANG_WARN_OBJC_ROOT_CLASS = YES_ERROR;
				CLANG_WARN_RANGE_LOOP_ANALYSIS = YES;
				CLANG_WARN_STRICT_PROTOTYPES = YES;
				CLANG_WARN_SUSPICIOUS_MOVE = YES;
				CLANG_WARN_UNGUARDED_AVAILABILITY = YES_AGGRESSIVE;
				CLANG_WARN_UNREACHABLE_CODE = YES;
				CLANG_WARN__DUPLICATE_METHOD_MATCH = YES;
				CODE_SIGN_IDENTITY = "iPhone Developer";
				COPY_PHASE_STRIP = NO;
				DEBUG_INFORMATION_FORMAT = dwarf;
				ENABLE_STRICT_OBJC_MSGSEND = YES;
				ENABLE_TESTABILITY = YES;
				GCC_C_LANGUAGE_STANDARD = gnu11;
				GCC_DYNAMIC_NO_PIC = NO;
				GCC_NO_COMMON_BLOCKS = YES;
				GCC_OPTIMIZATION_LEVEL = 0;
				GCC_PREPROCESSOR_DEFINITIONS = (
					"DEBUG=1",
					"$(inherited)",
				);
				GCC_WARN_64_TO_32_BIT_CONVERSION = YES;
				GCC_WARN_ABOUT_RETURN_TYPE = YES_ERROR;
				GCC_WARN_UNDECLARED_SELECTOR = YES;
				GCC_WARN_UNINITIALIZED_AUTOS = YES_AGGRESSIVE;
				GCC_WARN_UNUSED_FUNCTION = YES;
				GCC_WARN_UNUSED_VARIABLE = YES;
				IPHONEOS_DEPLOYMENT_TARGET = 11.3;
				MTL_ENABLE_DEBUG_INFO = YES;
				ONLY_ACTIVE_ARCH = YES;
				SDKROOT = iphoneos;
				SWIFT_ACTIVE_COMPILATION_CONDITIONS = DEBUG;
				SWIFT_OPTIMIZATION_LEVEL = "-Onone";
			};
			name = Debug;
		};
		04EF22D22079124000153700 /* Release */ = {
			isa = XCBuildConfiguration;
			buildSettings = {
				ALWAYS_SEARCH_USER_PATHS = NO;
				CLANG_ANALYZER_NONNULL = YES;
				CLANG_ANALYZER_NUMBER_OBJECT_CONVERSION = YES_AGGRESSIVE;
				CLANG_CXX_LANGUAGE_STANDARD = "gnu++14";
				CLANG_CXX_LIBRARY = "libc++";
				CLANG_ENABLE_MODULES = YES;
				CLANG_ENABLE_OBJC_ARC = YES;
				CLANG_ENABLE_OBJC_WEAK = YES;
				CLANG_WARN_BLOCK_CAPTURE_AUTORELEASING = YES;
				CLANG_WARN_BOOL_CONVERSION = YES;
				CLANG_WARN_COMMA = YES;
				CLANG_WARN_CONSTANT_CONVERSION = YES;
				CLANG_WARN_DEPRECATED_OBJC_IMPLEMENTATIONS = YES;
				CLANG_WARN_DIRECT_OBJC_ISA_USAGE = YES_ERROR;
				CLANG_WARN_DOCUMENTATION_COMMENTS = YES;
				CLANG_WARN_EMPTY_BODY = YES;
				CLANG_WARN_ENUM_CONVERSION = YES;
				CLANG_WARN_INFINITE_RECURSION = YES;
				CLANG_WARN_INT_CONVERSION = YES;
				CLANG_WARN_NON_LITERAL_NULL_CONVERSION = YES;
				CLANG_WARN_OBJC_IMPLICIT_RETAIN_SELF = YES;
				CLANG_WARN_OBJC_LITERAL_CONVERSION = YES;
				CLANG_WARN_OBJC_ROOT_CLASS = YES_ERROR;
				CLANG_WARN_RANGE_LOOP_ANALYSIS = YES;
				CLANG_WARN_STRICT_PROTOTYPES = YES;
				CLANG_WARN_SUSPICIOUS_MOVE = YES;
				CLANG_WARN_UNGUARDED_AVAILABILITY = YES_AGGRESSIVE;
				CLANG_WARN_UNREACHABLE_CODE = YES;
				CLANG_WARN__DUPLICATE_METHOD_MATCH = YES;
				CODE_SIGN_IDENTITY = "iPhone Developer";
				COPY_PHASE_STRIP = NO;
				DEBUG_INFORMATION_FORMAT = "dwarf-with-dsym";
				ENABLE_NS_ASSERTIONS = NO;
				ENABLE_STRICT_OBJC_MSGSEND = YES;
				GCC_C_LANGUAGE_STANDARD = gnu11;
				GCC_NO_COMMON_BLOCKS = YES;
				GCC_WARN_64_TO_32_BIT_CONVERSION = YES;
				GCC_WARN_ABOUT_RETURN_TYPE = YES_ERROR;
				GCC_WARN_UNDECLARED_SELECTOR = YES;
				GCC_WARN_UNINITIALIZED_AUTOS = YES_AGGRESSIVE;
				GCC_WARN_UNUSED_FUNCTION = YES;
				GCC_WARN_UNUSED_VARIABLE = YES;
				IPHONEOS_DEPLOYMENT_TARGET = 11.3;
				MTL_ENABLE_DEBUG_INFO = NO;
				SDKROOT = iphoneos;
				SWIFT_COMPILATION_MODE = wholemodule;
				SWIFT_OPTIMIZATION_LEVEL = "-O";
				VALIDATE_PRODUCT = YES;
			};
			name = Release;
		};
		04EF22D42079124000153700 /* Debug */ = {
			isa = XCBuildConfiguration;
			buildSettings = {
				ASSETCATALOG_COMPILER_APPICON_NAME = AppIcon;
				CODE_SIGN_STYLE = Automatic;
				DEVELOPMENT_TEAM = UJSU72ZSSJ;
				INFOPLIST_FILE = SwitftBasicsOne/Info.plist;
				LD_RUNPATH_SEARCH_PATHS = (
					"$(inherited)",
					"@executable_path/Frameworks",
				);
				PRODUCT_BUNDLE_IDENTIFIER = br.com.gabe.SwitftBasicsOne;
				PRODUCT_NAME = "$(TARGET_NAME)";
				SWIFT_VERSION = 4.0;
				TARGETED_DEVICE_FAMILY = "1,2";
			};
			name = Debug;
		};
		04EF22D52079124000153700 /* Release */ = {
			isa = XCBuildConfiguration;
			buildSettings = {
				ASSETCATALOG_COMPILER_APPICON_NAME = AppIcon;
				CODE_SIGN_STYLE = Automatic;
				DEVELOPMENT_TEAM = UJSU72ZSSJ;
				INFOPLIST_FILE = SwitftBasicsOne/Info.plist;
				LD_RUNPATH_SEARCH_PATHS = (
					"$(inherited)",
					"@executable_path/Frameworks",
				);
				PRODUCT_BUNDLE_IDENTIFIER = br.com.gabe.SwitftBasicsOne;
				PRODUCT_NAME = "$(TARGET_NAME)";
				SWIFT_VERSION = 4.0;
				TARGETED_DEVICE_FAMILY = "1,2";
			};
			name = Release;
		};
		04EF22D72079124000153700 /* Debug */ = {
			isa = XCBuildConfiguration;
			buildSettings = {
				ALWAYS_EMBED_SWIFT_STANDARD_LIBRARIES = YES;
				BUNDLE_LOADER = "$(TEST_HOST)";
				CODE_SIGN_STYLE = Automatic;
				DEVELOPMENT_TEAM = UJSU72ZSSJ;
				INFOPLIST_FILE = SwitftBasicsOneTests/Info.plist;
				LD_RUNPATH_SEARCH_PATHS = (
					"$(inherited)",
					"@executable_path/Frameworks",
					"@loader_path/Frameworks",
				);
				PRODUCT_BUNDLE_IDENTIFIER = br.com.gabe.SwitftBasicsOneTests;
				PRODUCT_NAME = "$(TARGET_NAME)";
				SWIFT_VERSION = 4.0;
				TARGETED_DEVICE_FAMILY = "1,2";
				TEST_HOST = "$(BUILT_PRODUCTS_DIR)/SwitftBasicsOne.app/SwitftBasicsOne";
			};
			name = Debug;
		};
		04EF22D82079124000153700 /* Release */ = {
			isa = XCBuildConfiguration;
			buildSettings = {
				ALWAYS_EMBED_SWIFT_STANDARD_LIBRARIES = YES;
				BUNDLE_LOADER = "$(TEST_HOST)";
				CODE_SIGN_STYLE = Automatic;
				DEVELOPMENT_TEAM = UJSU72ZSSJ;
				INFOPLIST_FILE = SwitftBasicsOneTests/Info.plist;
				LD_RUNPATH_SEARCH_PATHS = (
					"$(inherited)",
					"@executable_path/Frameworks",
					"@loader_path/Frameworks",
				);
				PRODUCT_BUNDLE_IDENTIFIER = br.com.gabe.SwitftBasicsOneTests;
				PRODUCT_NAME = "$(TARGET_NAME)";
				SWIFT_VERSION = 4.0;
				TARGETED_DEVICE_FAMILY = "1,2";
				TEST_HOST = "$(BUILT_PRODUCTS_DIR)/SwitftBasicsOne.app/SwitftBasicsOne";
			};
			name = Release;
		};
/* End XCBuildConfiguration section */

/* Begin XCConfigurationList section */
		04EF22B12079123E00153700 /* Build configuration list for PBXProject "SwitftBasicsOne" */ = {
			isa = XCConfigurationList;
			buildConfigurations = (
				04EF22D12079124000153700 /* Debug */,
				04EF22D22079124000153700 /* Release */,
			);
			defaultConfigurationIsVisible = 0;
			defaultConfigurationName = Release;
		};
		04EF22D32079124000153700 /* Build configuration list for PBXNativeTarget "SwitftBasicsOne" */ = {
			isa = XCConfigurationList;
			buildConfigurations = (
				04EF22D42079124000153700 /* Debug */,
				04EF22D52079124000153700 /* Release */,
			);
			defaultConfigurationIsVisible = 0;
			defaultConfigurationName = Release;
		};
		04EF22D62079124000153700 /* Build configuration list for PBXNativeTarget "SwitftBasicsOneTests" */ = {
			isa = XCConfigurationList;
			buildConfigurations = (
				04EF22D72079124000153700 /* Debug */,
				04EF22D82079124000153700 /* Release */,
			);
			defaultConfigurationIsVisible = 0;
			defaultConfigurationName = Release;
		};
/* End XCConfigurationList section */
	};
	rootObject = 04EF22AE2079123E00153700 /* Project object */;
}
